
Microsoft Visual Studio Solution File, Format Version 12.00
# Visual Studio 15
Project("{FAE04EC0-301F-11D3-BF4B-00C04F79EFBC}") = "com.fpnn.rtm", "com.fpnn.rtm\com.fpnn.rtm.csproj", "{10C09928-D62A-482D-BB14-7E560FBA7173}"
EndProject
Project("{FAE04EC0-301F-11D3-BF4B-00C04F79EFBC}") = "com.fpnn", "com.fpnn\com.fpnn.csproj", "{C84B4F31-CE0E-4FAD-A16A-61CC6AA02FE0}"
EndProject
Project("{2150E333-8FDC-42A3-9474-1A3956D46DE8}") = "examples", "examples", "{3826A7AB-8ED2-432C-A9D3-56548F367087}"
EndProject
Project("{FAE04EC0-301F-11D3-BF4B-00C04F79EFBC}") = "Messages", "examples\Messages\Messages.csproj", "{D3375BC3-185B-4717-B5A8-23B863DB7A6E}"
EndProject
Project("{FAE04EC0-301F-11D3-BF4B-00C04F79EFBC}") = "Histories", "examples\Histories\Histories.csproj", "{6271BB60-9837-4954-BA89-8EC857E3A533}"
EndProject
Project("{FAE04EC0-301F-11D3-BF4B-00C04F79EFBC}") = "Chat", "examples\Chat\Chat.csproj", "{E2EE643B-4A7C-447D-96A4-2E2BC6686859}"
EndProject
Project("{FAE04EC0-301F-11D3-BF4B-00C04F79EFBC}") = "Groups", "examples\Groups\Groups.csproj", "{4B426BD0-53A2-4635-ADA5-919DE19C2BA2}"
EndProject
Project("{FAE04EC0-301F-11D3-BF4B-00C04F79EFBC}") = "Rooms", "examples\Rooms\Rooms.csproj", "{E043A6D4-1ED9-46DF-B725-4D4DEA30DEDB}"
EndProject
Project("{FAE04EC0-301F-11D3-BF4B-00C04F79EFBC}") = "Users", "examples\Users\Users.csproj", "{F8123480-744E-42C9-B814-F49B39FE85C4}"
EndProject
Project("{FAE04EC0-301F-11D3-BF4B-00C04F79EFBC}") = "Data", "examples\Data\Data.csproj", "{957D4775-BEAE-49B3-A2A5-F36415093597}"
EndProject
Project("{FAE04EC0-301F-11D3-BF4B-00C04F79EFBC}") = "Files", "examples\Files\Files.csproj", "{06A1C6BF-D25F-4A6F-9E40-E7D0DECDA94E}"
EndProject
Project("{FAE04EC0-301F-11D3-BF4B-00C04F79EFBC}") = "Friends", "examples\Friends\Friends.csproj", "{473DB71B-C130-48F0-9F5C-D33A486B4CAE}"
EndProject
Project("{FAE04EC0-301F-11D3-BF4B-00C04F79EFBC}") = "RTMSystem", "examples\System\RTMSystem.csproj", "{92A24F91-CD15-4354-AF34-7A0B2EE1A90D}"
EndProject
Project("{FAE04EC0-301F-11D3-BF4B-00C04F79EFBC}") = "example.common", "examples\example.common\example.common.csproj", "{2D415C11-E3B1-42F4-9923-7DC0CC518FC9}"
EndProject
Project("{FAE04EC0-301F-11D3-BF4B-00C04F79EFBC}") = "Login", "examples\Login\Login.csproj", "{F0AE6645-066A-4BAF-9B1E-7201DDF633FD}"
EndProject
Global
	GlobalSection(SolutionConfigurationPlatforms) = preSolution
		Debug|Any CPU = Debug|Any CPU
		Release|Any CPU = Release|Any CPU
	EndGlobalSection
	GlobalSection(ProjectConfigurationPlatforms) = postSolution
		{10C09928-D62A-482D-BB14-7E560FBA7173}.Debug|Any CPU.ActiveCfg = Debug|Any CPU
		{10C09928-D62A-482D-BB14-7E560FBA7173}.Debug|Any CPU.Build.0 = Debug|Any CPU
		{10C09928-D62A-482D-BB14-7E560FBA7173}.Release|Any CPU.ActiveCfg = Release|Any CPU
		{10C09928-D62A-482D-BB14-7E560FBA7173}.Release|Any CPU.Build.0 = Release|Any CPU
		{C84B4F31-CE0E-4FAD-A16A-61CC6AA02FE0}.Debug|Any CPU.ActiveCfg = Debug|Any CPU
		{C84B4F31-CE0E-4FAD-A16A-61CC6AA02FE0}.Debug|Any CPU.Build.0 = Debug|Any CPU
		{C84B4F31-CE0E-4FAD-A16A-61CC6AA02FE0}.Release|Any CPU.ActiveCfg = Release|Any CPU
		{C84B4F31-CE0E-4FAD-A16A-61CC6AA02FE0}.Release|Any CPU.Build.0 = Release|Any CPU
		{D3375BC3-185B-4717-B5A8-23B863DB7A6E}.Debug|Any CPU.ActiveCfg = Debug|Any CPU
		{D3375BC3-185B-4717-B5A8-23B863DB7A6E}.Debug|Any CPU.Build.0 = Debug|Any CPU
		{D3375BC3-185B-4717-B5A8-23B863DB7A6E}.Release|Any CPU.ActiveCfg = Release|Any CPU
		{D3375BC3-185B-4717-B5A8-23B863DB7A6E}.Release|Any CPU.Build.0 = Release|Any CPU
		{6271BB60-9837-4954-BA89-8EC857E3A533}.Debug|Any CPU.ActiveCfg = Debug|Any CPU
		{6271BB60-9837-4954-BA89-8EC857E3A533}.Debug|Any CPU.Build.0 = Debug|Any CPU
		{6271BB60-9837-4954-BA89-8EC857E3A533}.Release|Any CPU.ActiveCfg = Release|Any CPU
		{6271BB60-9837-4954-BA89-8EC857E3A533}.Release|Any CPU.Build.0 = Release|Any CPU
		{E2EE643B-4A7C-447D-96A4-2E2BC6686859}.Debug|Any CPU.ActiveCfg = Debug|Any CPU
		{E2EE643B-4A7C-447D-96A4-2E2BC6686859}.Debug|Any CPU.Build.0 = Debug|Any CPU
		{E2EE643B-4A7C-447D-96A4-2E2BC6686859}.Release|Any CPU.ActiveCfg = Release|Any CPU
		{E2EE643B-4A7C-447D-96A4-2E2BC6686859}.Release|Any CPU.Build.0 = Release|Any CPU
		{4B426BD0-53A2-4635-ADA5-919DE19C2BA2}.Debug|Any CPU.ActiveCfg = Debug|Any CPU
		{4B426BD0-53A2-4635-ADA5-919DE19C2BA2}.Debug|Any CPU.Build.0 = Debug|Any CPU
		{4B426BD0-53A2-4635-ADA5-919DE19C2BA2}.Release|Any CPU.ActiveCfg = Release|Any CPU
		{4B426BD0-53A2-4635-ADA5-919DE19C2BA2}.Release|Any CPU.Build.0 = Release|Any CPU
		{E043A6D4-1ED9-46DF-B725-4D4DEA30DEDB}.Debug|Any CPU.ActiveCfg = Debug|Any CPU
		{E043A6D4-1ED9-46DF-B725-4D4DEA30DEDB}.Debug|Any CPU.Build.0 = Debug|Any CPU
		{E043A6D4-1ED9-46DF-B725-4D4DEA30DEDB}.Release|Any CPU.ActiveCfg = Release|Any CPU
		{E043A6D4-1ED9-46DF-B725-4D4DEA30DEDB}.Release|Any CPU.Build.0 = Release|Any CPU
		{F8123480-744E-42C9-B814-F49B39FE85C4}.Debug|Any CPU.ActiveCfg = Debug|Any CPU
		{F8123480-744E-42C9-B814-F49B39FE85C4}.Debug|Any CPU.Build.0 = Debug|Any CPU
		{F8123480-744E-42C9-B814-F49B39FE85C4}.Release|Any CPU.ActiveCfg = Release|Any CPU
		{F8123480-744E-42C9-B814-F49B39FE85C4}.Release|Any CPU.Build.0 = Release|Any CPU
		{957D4775-BEAE-49B3-A2A5-F36415093597}.Debug|Any CPU.ActiveCfg = Debug|Any CPU
		{957D4775-BEAE-49B3-A2A5-F36415093597}.Debug|Any CPU.Build.0 = Debug|Any CPU
		{957D4775-BEAE-49B3-A2A5-F36415093597}.Release|Any CPU.ActiveCfg = Release|Any CPU
		{957D4775-BEAE-49B3-A2A5-F36415093597}.Release|Any CPU.Build.0 = Release|Any CPU
		{06A1C6BF-D25F-4A6F-9E40-E7D0DECDA94E}.Debug|Any CPU.ActiveCfg = Debug|Any CPU
		{06A1C6BF-D25F-4A6F-9E40-E7D0DECDA94E}.Debug|Any CPU.Build.0 = Debug|Any CPU
		{06A1C6BF-D25F-4A6F-9E40-E7D0DECDA94E}.Release|Any CPU.ActiveCfg = Release|Any CPU
		{06A1C6BF-D25F-4A6F-9E40-E7D0DECDA94E}.Release|Any CPU.Build.0 = Release|Any CPU
		{473DB71B-C130-48F0-9F5C-D33A486B4CAE}.Debug|Any CPU.ActiveCfg = Debug|Any CPU
		{473DB71B-C130-48F0-9F5C-D33A486B4CAE}.Debug|Any CPU.Build.0 = Debug|Any CPU
		{473DB71B-C130-48F0-9F5C-D33A486B4CAE}.Release|Any CPU.ActiveCfg = Release|Any CPU
		{473DB71B-C130-48F0-9F5C-D33A486B4CAE}.Release|Any CPU.Build.0 = Release|Any CPU
		{92A24F91-CD15-4354-AF34-7A0B2EE1A90D}.Debug|Any CPU.ActiveCfg = Debug|Any CPU
		{92A24F91-CD15-4354-AF34-7A0B2EE1A90D}.Debug|Any CPU.Build.0 = Debug|Any CPU
		{92A24F91-CD15-4354-AF34-7A0B2EE1A90D}.Release|Any CPU.ActiveCfg = Release|Any CPU
		{92A24F91-CD15-4354-AF34-7A0B2EE1A90D}.Release|Any CPU.Build.0 = Release|Any CPU
		{2D415C11-E3B1-42F4-9923-7DC0CC518FC9}.Debug|Any CPU.ActiveCfg = Debug|Any CPU
		{2D415C11-E3B1-42F4-9923-7DC0CC518FC9}.Debug|Any CPU.Build.0 = Debug|Any CPU
		{2D415C11-E3B1-42F4-9923-7DC0CC518FC9}.Release|Any CPU.ActiveCfg = Release|Any CPU
		{2D415C11-E3B1-42F4-9923-7DC0CC518FC9}.Release|Any CPU.Build.0 = Release|Any CPU
		{F0AE6645-066A-4BAF-9B1E-7201DDF633FD}.Debug|Any CPU.ActiveCfg = Debug|Any CPU
		{F0AE6645-066A-4BAF-9B1E-7201DDF633FD}.Debug|Any CPU.Build.0 = Debug|Any CPU
		{F0AE6645-066A-4BAF-9B1E-7201DDF633FD}.Release|Any CPU.ActiveCfg = Release|Any CPU
		{F0AE6645-066A-4BAF-9B1E-7201DDF633FD}.Release|Any CPU.Build.0 = Release|Any CPU
	EndGlobalSection
	GlobalSection(NestedProjects) = preSolution
		{D3375BC3-185B-4717-B5A8-23B863DB7A6E} = {3826A7AB-8ED2-432C-A9D3-56548F367087}
		{6271BB60-9837-4954-BA89-8EC857E3A533} = {3826A7AB-8ED2-432C-A9D3-56548F367087}
		{E2EE643B-4A7C-447D-96A4-2E2BC6686859} = {3826A7AB-8ED2-432C-A9D3-56548F367087}
		{4B426BD0-53A2-4635-ADA5-919DE19C2BA2} = {3826A7AB-8ED2-432C-A9D3-56548F367087}
		{E043A6D4-1ED9-46DF-B725-4D4DEA30DEDB} = {3826A7AB-8ED2-432C-A9D3-56548F367087}
		{F8123480-744E-42C9-B814-F49B39FE85C4} = {3826A7AB-8ED2-432C-A9D3-56548F367087}
		{957D4775-BEAE-49B3-A2A5-F36415093597} = {3826A7AB-8ED2-432C-A9D3-56548F367087}
		{06A1C6BF-D25F-4A6F-9E40-E7D0DECDA94E} = {3826A7AB-8ED2-432C-A9D3-56548F367087}
		{473DB71B-C130-48F0-9F5C-D33A486B4CAE} = {3826A7AB-8ED2-432C-A9D3-56548F367087}
		{92A24F91-CD15-4354-AF34-7A0B2EE1A90D} = {3826A7AB-8ED2-432C-A9D3-56548F367087}
		{2D415C11-E3B1-42F4-9923-7DC0CC518FC9} = {3826A7AB-8ED2-432C-A9D3-56548F367087}
		{F0AE6645-066A-4BAF-9B1E-7201DDF633FD} = {3826A7AB-8ED2-432C-A9D3-56548F367087}
	EndGlobalSection
EndGlobal
